
Microsoft Visual Studio Solution File, Format Version 12.00
Project("{FAE04EC0-301F-11D3-BF4B-00C04F79EFBC}") = "HXE.Executable", "lib\HXE.Executable.csproj", "{3A3AD038-F4FA-4E83-8577-766FA785F01A}"
EndProject
Project("{FAE04EC0-301F-11D3-BF4B-00C04F79EFBC}") = "HXE.Executable.CLI", "cli\HXE.Executable.CLI.csproj", "{615989A6-D333-4BE6-AF27-123FD12BD2EF}"
EndProject
Project("{FAE04EC0-301F-11D3-BF4B-00C04F79EFBC}") = "HXE.Core", "ext\hxe.core\lib\HXE.Core.csproj", "{3CA00F07-AF1E-47A0-A50F-0AB7941C0D23}"
EndProject
Global
	GlobalSection(SolutionConfigurationPlatforms) = preSolution
		Debug|Any CPU = Debug|Any CPU
		Release|Any CPU = Release|Any CPU
	EndGlobalSection
	GlobalSection(ProjectConfigurationPlatforms) = postSolution
		{3A3AD038-F4FA-4E83-8577-766FA785F01A}.Debug|Any CPU.ActiveCfg = Debug|Any CPU
		{3A3AD038-F4FA-4E83-8577-766FA785F01A}.Debug|Any CPU.Build.0 = Debug|Any CPU
		{3A3AD038-F4FA-4E83-8577-766FA785F01A}.Release|Any CPU.ActiveCfg = Release|Any CPU
		{3A3AD038-F4FA-4E83-8577-766FA785F01A}.Release|Any CPU.Build.0 = Release|Any CPU
		{615989A6-D333-4BE6-AF27-123FD12BD2EF}.Debug|Any CPU.ActiveCfg = Debug|Any CPU
		{615989A6-D333-4BE6-AF27-123FD12BD2EF}.Debug|Any CPU.Build.0 = Debug|Any CPU
		{615989A6-D333-4BE6-AF27-123FD12BD2EF}.Release|Any CPU.ActiveCfg = Release|Any CPU
		{615989A6-D333-4BE6-AF27-123FD12BD2EF}.Release|Any CPU.Build.0 = Release|Any CPU
		{3CA00F07-AF1E-47A0-A50F-0AB7941C0D23}.Debug|Any CPU.ActiveCfg = Debug|Any CPU
		{3CA00F07-AF1E-47A0-A50F-0AB7941C0D23}.Debug|Any CPU.Build.0 = Debug|Any CPU
		{3CA00F07-AF1E-47A0-A50F-0AB7941C0D23}.Release|Any CPU.ActiveCfg = Release|Any CPU
		{3CA00F07-AF1E-47A0-A50F-0AB7941C0D23}.Release|Any CPU.Build.0 = Release|Any CPU
	EndGlobalSection
EndGlobal
