
Microsoft Visual Studio Solution File, Format Version 12.00
Project("{FAE04EC0-301F-11D3-BF4B-00C04F79EFBC}") = "HXE.Core", "lib\HXE.Core.csproj", "{6EC6E104-63E1-4D2E-ABF7-19334D854B0D}"
EndProject
Global
	GlobalSection(SolutionConfigurationPlatforms) = preSolution
		Debug|Any CPU = Debug|Any CPU
		Release|Any CPU = Release|Any CPU
	EndGlobalSection
	GlobalSection(ProjectConfigurationPlatforms) = postSolution
		{6EC6E104-63E1-4D2E-ABF7-19334D854B0D}.Debug|Any CPU.ActiveCfg = Debug|Any CPU
		{6EC6E104-63E1-4D2E-ABF7-19334D854B0D}.Debug|Any CPU.Build.0 = Debug|Any CPU
		{6EC6E104-63E1-4D2E-ABF7-19334D854B0D}.Release|Any CPU.ActiveCfg = Release|Any CPU
		{6EC6E104-63E1-4D2E-ABF7-19334D854B0D}.Release|Any CPU.Build.0 = Release|Any CPU
	EndGlobalSection
EndGlobal
