
Microsoft Visual Studio Solution File, Format Version 12.00
Project("{FAE04EC0-301F-11D3-BF4B-00C04F79EFBC}") = "SPV3", "SPV3.csproj", "{C6922C15-C0C1-46D0-B2BC-2B0FF2BAD82B}"
EndProject
Project("{FAE04EC0-301F-11D3-BF4B-00C04F79EFBC}") = "HXE", "..\hxe\src\HXE.csproj", "{ACAA5D9F-B23D-43E1-B2DF-8C03230975A1}"
EndProject
Global
	GlobalSection(SolutionConfigurationPlatforms) = preSolution
		Debug|Any CPU = Debug|Any CPU
		Release|Any CPU = Release|Any CPU
	EndGlobalSection
	GlobalSection(ProjectConfigurationPlatforms) = postSolution
		{C6922C15-C0C1-46D0-B2BC-2B0FF2BAD82B}.Debug|Any CPU.ActiveCfg = Debug|Any CPU
		{C6922C15-C0C1-46D0-B2BC-2B0FF2BAD82B}.Debug|Any CPU.Build.0 = Debug|Any CPU
		{C6922C15-C0C1-46D0-B2BC-2B0FF2BAD82B}.Release|Any CPU.ActiveCfg = Release|Any CPU
		{C6922C15-C0C1-46D0-B2BC-2B0FF2BAD82B}.Release|Any CPU.Build.0 = Release|Any CPU
		{ACAA5D9F-B23D-43E1-B2DF-8C03230975A1}.Debug|Any CPU.ActiveCfg = Debug|Any CPU
		{ACAA5D9F-B23D-43E1-B2DF-8C03230975A1}.Debug|Any CPU.Build.0 = Debug|Any CPU
		{ACAA5D9F-B23D-43E1-B2DF-8C03230975A1}.Release|Any CPU.ActiveCfg = Release|Any CPU
		{ACAA5D9F-B23D-43E1-B2DF-8C03230975A1}.Release|Any CPU.Build.0 = Release|Any CPU
	EndGlobalSection
EndGlobal
